
Microsoft Visual Studio Solution File, Format Version 12.00
# Visual Studio 15
VisualStudioVersion = 15.0.27428.2043
MinimumVisualStudioVersion = 10.0.40219.1
Project("{9A19103F-16F7-4668-BE54-9A1E7A4F7556}") = "EntryValidator", "EntryValidator\EntryValidator.csproj", "{C227B21E-AE97-4F69-A3BA-0C8111B5CDE4}"
EndProject
Project("{2150E333-8FDC-42A3-9474-1A3956D46DE8}") = "EntryValidatorSample", "EntryValidatorSample", "{AEABA4DE-5296-4E2E-95C0-65FEF8870D56}"
EndProject
Project("{FAE04EC0-301F-11D3-BF4B-00C04F79EFBC}") = "EntryValidatorSample.Android", "EntryValidatorSample\EntryValidatorSample.Android\EntryValidatorSample.Android.csproj", "{B6ACB30C-3D47-43C8-B2EA-5F93CDEB69E7}"
EndProject
Project("{FAE04EC0-301F-11D3-BF4B-00C04F79EFBC}") = "EntryValidatorSample.iOS", "EntryValidatorSample\EntryValidatorSample.iOS\EntryValidatorSample.iOS.csproj", "{189A0424-1196-48DA-B2FD-D4E130EFDCAD}"
EndProject
Project("{FAE04EC0-301F-11D3-BF4B-00C04F79EFBC}") = "EntryValidatorSample", "EntryValidatorSample\EntryValidatorSample\EntryValidatorSample.csproj", "{C93101D5-0284-495E-899D-0368BF71C0A9}"
EndProject
Project("{2150E333-8FDC-42A3-9474-1A3956D46DE8}") = "EntryValidator", "EntryValidator", "{7D585F8B-7831-42D8-9B20-0442B4721F91}"
EndProject
Global
	GlobalSection(SolutionConfigurationPlatforms) = preSolution
		Ad-Hoc|Any CPU = Ad-Hoc|Any CPU
		Ad-Hoc|iPhone = Ad-Hoc|iPhone
		Ad-Hoc|iPhoneSimulator = Ad-Hoc|iPhoneSimulator
		AppStore|Any CPU = AppStore|Any CPU
		AppStore|iPhone = AppStore|iPhone
		AppStore|iPhoneSimulator = AppStore|iPhoneSimulator
		Debug|Any CPU = Debug|Any CPU
		Debug|iPhone = Debug|iPhone
		Debug|iPhoneSimulator = Debug|iPhoneSimulator
		Release|Any CPU = Release|Any CPU
		Release|iPhone = Release|iPhone
		Release|iPhoneSimulator = Release|iPhoneSimulator
	EndGlobalSection
	GlobalSection(ProjectConfigurationPlatforms) = postSolution
		{C227B21E-AE97-4F69-A3BA-0C8111B5CDE4}.Ad-Hoc|Any CPU.ActiveCfg = Release|Any CPU
		{C227B21E-AE97-4F69-A3BA-0C8111B5CDE4}.Ad-Hoc|Any CPU.Build.0 = Release|Any CPU
		{C227B21E-AE97-4F69-A3BA-0C8111B5CDE4}.Ad-Hoc|iPhone.ActiveCfg = Release|Any CPU
		{C227B21E-AE97-4F69-A3BA-0C8111B5CDE4}.Ad-Hoc|iPhone.Build.0 = Release|Any CPU
		{C227B21E-AE97-4F69-A3BA-0C8111B5CDE4}.Ad-Hoc|iPhoneSimulator.ActiveCfg = Release|Any CPU
		{C227B21E-AE97-4F69-A3BA-0C8111B5CDE4}.Ad-Hoc|iPhoneSimulator.Build.0 = Release|Any CPU
		{C227B21E-AE97-4F69-A3BA-0C8111B5CDE4}.AppStore|Any CPU.ActiveCfg = Release|Any CPU
		{C227B21E-AE97-4F69-A3BA-0C8111B5CDE4}.AppStore|Any CPU.Build.0 = Release|Any CPU
		{C227B21E-AE97-4F69-A3BA-0C8111B5CDE4}.AppStore|iPhone.ActiveCfg = Release|Any CPU
		{C227B21E-AE97-4F69-A3BA-0C8111B5CDE4}.AppStore|iPhone.Build.0 = Release|Any CPU
		{C227B21E-AE97-4F69-A3BA-0C8111B5CDE4}.AppStore|iPhoneSimulator.ActiveCfg = Release|Any CPU
		{C227B21E-AE97-4F69-A3BA-0C8111B5CDE4}.AppStore|iPhoneSimulator.Build.0 = Release|Any CPU
		{C227B21E-AE97-4F69-A3BA-0C8111B5CDE4}.Debug|Any CPU.ActiveCfg = Debug|Any CPU
		{C227B21E-AE97-4F69-A3BA-0C8111B5CDE4}.Debug|Any CPU.Build.0 = Debug|Any CPU
		{C227B21E-AE97-4F69-A3BA-0C8111B5CDE4}.Debug|iPhone.ActiveCfg = Debug|Any CPU
		{C227B21E-AE97-4F69-A3BA-0C8111B5CDE4}.Debug|iPhone.Build.0 = Debug|Any CPU
		{C227B21E-AE97-4F69-A3BA-0C8111B5CDE4}.Debug|iPhoneSimulator.ActiveCfg = Debug|Any CPU
		{C227B21E-AE97-4F69-A3BA-0C8111B5CDE4}.Debug|iPhoneSimulator.Build.0 = Debug|Any CPU
		{C227B21E-AE97-4F69-A3BA-0C8111B5CDE4}.Release|Any CPU.ActiveCfg = Release|Any CPU
		{C227B21E-AE97-4F69-A3BA-0C8111B5CDE4}.Release|Any CPU.Build.0 = Release|Any CPU
		{C227B21E-AE97-4F69-A3BA-0C8111B5CDE4}.Release|iPhone.ActiveCfg = Release|Any CPU
		{C227B21E-AE97-4F69-A3BA-0C8111B5CDE4}.Release|iPhone.Build.0 = Release|Any CPU
		{C227B21E-AE97-4F69-A3BA-0C8111B5CDE4}.Release|iPhoneSimulator.ActiveCfg = Release|Any CPU
		{C227B21E-AE97-4F69-A3BA-0C8111B5CDE4}.Release|iPhoneSimulator.Build.0 = Release|Any CPU
		{B6ACB30C-3D47-43C8-B2EA-5F93CDEB69E7}.Ad-Hoc|Any CPU.ActiveCfg = Release|Any CPU
		{B6ACB30C-3D47-43C8-B2EA-5F93CDEB69E7}.Ad-Hoc|Any CPU.Build.0 = Release|Any CPU
		{B6ACB30C-3D47-43C8-B2EA-5F93CDEB69E7}.Ad-Hoc|Any CPU.Deploy.0 = Release|Any CPU
		{B6ACB30C-3D47-43C8-B2EA-5F93CDEB69E7}.Ad-Hoc|iPhone.ActiveCfg = Release|Any CPU
		{B6ACB30C-3D47-43C8-B2EA-5F93CDEB69E7}.Ad-Hoc|iPhone.Build.0 = Release|Any CPU
		{B6ACB30C-3D47-43C8-B2EA-5F93CDEB69E7}.Ad-Hoc|iPhone.Deploy.0 = Release|Any CPU
		{B6ACB30C-3D47-43C8-B2EA-5F93CDEB69E7}.Ad-Hoc|iPhoneSimulator.ActiveCfg = Release|Any CPU
		{B6ACB30C-3D47-43C8-B2EA-5F93CDEB69E7}.Ad-Hoc|iPhoneSimulator.Build.0 = Release|Any CPU
		{B6ACB30C-3D47-43C8-B2EA-5F93CDEB69E7}.Ad-Hoc|iPhoneSimulator.Deploy.0 = Release|Any CPU
		{B6ACB30C-3D47-43C8-B2EA-5F93CDEB69E7}.AppStore|Any CPU.ActiveCfg = Release|Any CPU
		{B6ACB30C-3D47-43C8-B2EA-5F93CDEB69E7}.AppStore|Any CPU.Build.0 = Release|Any CPU
		{B6ACB30C-3D47-43C8-B2EA-5F93CDEB69E7}.AppStore|Any CPU.Deploy.0 = Release|Any CPU
		{B6ACB30C-3D47-43C8-B2EA-5F93CDEB69E7}.AppStore|iPhone.ActiveCfg = Release|Any CPU
		{B6ACB30C-3D47-43C8-B2EA-5F93CDEB69E7}.AppStore|iPhone.Build.0 = Release|Any CPU
		{B6ACB30C-3D47-43C8-B2EA-5F93CDEB69E7}.AppStore|iPhone.Deploy.0 = Release|Any CPU
		{B6ACB30C-3D47-43C8-B2EA-5F93CDEB69E7}.AppStore|iPhoneSimulator.ActiveCfg = Release|Any CPU
		{B6ACB30C-3D47-43C8-B2EA-5F93CDEB69E7}.AppStore|iPhoneSimulator.Build.0 = Release|Any CPU
		{B6ACB30C-3D47-43C8-B2EA-5F93CDEB69E7}.AppStore|iPhoneSimulator.Deploy.0 = Release|Any CPU
		{B6ACB30C-3D47-43C8-B2EA-5F93CDEB69E7}.Debug|Any CPU.ActiveCfg = Debug|Any CPU
		{B6ACB30C-3D47-43C8-B2EA-5F93CDEB69E7}.Debug|Any CPU.Build.0 = Debug|Any CPU
		{B6ACB30C-3D47-43C8-B2EA-5F93CDEB69E7}.Debug|Any CPU.Deploy.0 = Debug|Any CPU
		{B6ACB30C-3D47-43C8-B2EA-5F93CDEB69E7}.Debug|iPhone.ActiveCfg = Debug|Any CPU
		{B6ACB30C-3D47-43C8-B2EA-5F93CDEB69E7}.Debug|iPhone.Build.0 = Debug|Any CPU
		{B6ACB30C-3D47-43C8-B2EA-5F93CDEB69E7}.Debug|iPhone.Deploy.0 = Debug|Any CPU
		{B6ACB30C-3D47-43C8-B2EA-5F93CDEB69E7}.Debug|iPhoneSimulator.ActiveCfg = Debug|Any CPU
		{B6ACB30C-3D47-43C8-B2EA-5F93CDEB69E7}.Debug|iPhoneSimulator.Build.0 = Debug|Any CPU
		{B6ACB30C-3D47-43C8-B2EA-5F93CDEB69E7}.Debug|iPhoneSimulator.Deploy.0 = Debug|Any CPU
		{B6ACB30C-3D47-43C8-B2EA-5F93CDEB69E7}.Release|Any CPU.ActiveCfg = Release|Any CPU
		{B6ACB30C-3D47-43C8-B2EA-5F93CDEB69E7}.Release|Any CPU.Build.0 = Release|Any CPU
		{B6ACB30C-3D47-43C8-B2EA-5F93CDEB69E7}.Release|Any CPU.Deploy.0 = Release|Any CPU
		{B6ACB30C-3D47-43C8-B2EA-5F93CDEB69E7}.Release|iPhone.ActiveCfg = Release|Any CPU
		{B6ACB30C-3D47-43C8-B2EA-5F93CDEB69E7}.Release|iPhone.Build.0 = Release|Any CPU
		{B6ACB30C-3D47-43C8-B2EA-5F93CDEB69E7}.Release|iPhone.Deploy.0 = Release|Any CPU
		{B6ACB30C-3D47-43C8-B2EA-5F93CDEB69E7}.Release|iPhoneSimulator.ActiveCfg = Release|Any CPU
		{B6ACB30C-3D47-43C8-B2EA-5F93CDEB69E7}.Release|iPhoneSimulator.Build.0 = Release|Any CPU
		{B6ACB30C-3D47-43C8-B2EA-5F93CDEB69E7}.Release|iPhoneSimulator.Deploy.0 = Release|Any CPU
		{189A0424-1196-48DA-B2FD-D4E130EFDCAD}.Ad-Hoc|Any CPU.ActiveCfg = Ad-Hoc|iPhone
		{189A0424-1196-48DA-B2FD-D4E130EFDCAD}.Ad-Hoc|iPhone.ActiveCfg = Ad-Hoc|iPhone
		{189A0424-1196-48DA-B2FD-D4E130EFDCAD}.Ad-Hoc|iPhone.Build.0 = Ad-Hoc|iPhone
		{189A0424-1196-48DA-B2FD-D4E130EFDCAD}.Ad-Hoc|iPhoneSimulator.ActiveCfg = Ad-Hoc|iPhoneSimulator
		{189A0424-1196-48DA-B2FD-D4E130EFDCAD}.Ad-Hoc|iPhoneSimulator.Build.0 = Ad-Hoc|iPhoneSimulator
		{189A0424-1196-48DA-B2FD-D4E130EFDCAD}.AppStore|Any CPU.ActiveCfg = AppStore|iPhone
		{189A0424-1196-48DA-B2FD-D4E130EFDCAD}.AppStore|iPhone.ActiveCfg = AppStore|iPhone
		{189A0424-1196-48DA-B2FD-D4E130EFDCAD}.AppStore|iPhone.Build.0 = AppStore|iPhone
		{189A0424-1196-48DA-B2FD-D4E130EFDCAD}.AppStore|iPhoneSimulator.ActiveCfg = AppStore|iPhoneSimulator
		{189A0424-1196-48DA-B2FD-D4E130EFDCAD}.AppStore|iPhoneSimulator.Build.0 = AppStore|iPhoneSimulator
		{189A0424-1196-48DA-B2FD-D4E130EFDCAD}.Debug|Any CPU.ActiveCfg = Debug|iPhone
		{189A0424-1196-48DA-B2FD-D4E130EFDCAD}.Debug|iPhone.ActiveCfg = Debug|iPhone
		{189A0424-1196-48DA-B2FD-D4E130EFDCAD}.Debug|iPhone.Build.0 = Debug|iPhone
		{189A0424-1196-48DA-B2FD-D4E130EFDCAD}.Debug|iPhoneSimulator.ActiveCfg = Debug|iPhoneSimulator
		{189A0424-1196-48DA-B2FD-D4E130EFDCAD}.Debug|iPhoneSimulator.Build.0 = Debug|iPhoneSimulator
		{189A0424-1196-48DA-B2FD-D4E130EFDCAD}.Release|Any CPU.ActiveCfg = Release|iPhone
		{189A0424-1196-48DA-B2FD-D4E130EFDCAD}.Release|iPhone.ActiveCfg = Release|iPhone
		{189A0424-1196-48DA-B2FD-D4E130EFDCAD}.Release|iPhone.Build.0 = Release|iPhone
		{189A0424-1196-48DA-B2FD-D4E130EFDCAD}.Release|iPhoneSimulator.ActiveCfg = Release|iPhoneSimulator
		{189A0424-1196-48DA-B2FD-D4E130EFDCAD}.Release|iPhoneSimulator.Build.0 = Release|iPhoneSimulator
		{C93101D5-0284-495E-899D-0368BF71C0A9}.Ad-Hoc|Any CPU.ActiveCfg = Debug|Any CPU
		{C93101D5-0284-495E-899D-0368BF71C0A9}.Ad-Hoc|Any CPU.Build.0 = Debug|Any CPU
		{C93101D5-0284-495E-899D-0368BF71C0A9}.Ad-Hoc|iPhone.ActiveCfg = Debug|Any CPU
		{C93101D5-0284-495E-899D-0368BF71C0A9}.Ad-Hoc|iPhone.Build.0 = Debug|Any CPU
		{C93101D5-0284-495E-899D-0368BF71C0A9}.Ad-Hoc|iPhoneSimulator.ActiveCfg = Debug|Any CPU
		{C93101D5-0284-495E-899D-0368BF71C0A9}.Ad-Hoc|iPhoneSimulator.Build.0 = Debug|Any CPU
		{C93101D5-0284-495E-899D-0368BF71C0A9}.AppStore|Any CPU.ActiveCfg = Debug|Any CPU
		{C93101D5-0284-495E-899D-0368BF71C0A9}.AppStore|Any CPU.Build.0 = Debug|Any CPU
		{C93101D5-0284-495E-899D-0368BF71C0A9}.AppStore|iPhone.ActiveCfg = Debug|Any CPU
		{C93101D5-0284-495E-899D-0368BF71C0A9}.AppStore|iPhone.Build.0 = Debug|Any CPU
		{C93101D5-0284-495E-899D-0368BF71C0A9}.AppStore|iPhoneSimulator.ActiveCfg = Debug|Any CPU
		{C93101D5-0284-495E-899D-0368BF71C0A9}.AppStore|iPhoneSimulator.Build.0 = Debug|Any CPU
		{C93101D5-0284-495E-899D-0368BF71C0A9}.Debug|Any CPU.ActiveCfg = Debug|Any CPU
		{C93101D5-0284-495E-899D-0368BF71C0A9}.Debug|Any CPU.Build.0 = Debug|Any CPU
		{C93101D5-0284-495E-899D-0368BF71C0A9}.Debug|iPhone.ActiveCfg = Debug|Any CPU
		{C93101D5-0284-495E-899D-0368BF71C0A9}.Debug|iPhone.Build.0 = Debug|Any CPU
		{C93101D5-0284-495E-899D-0368BF71C0A9}.Debug|iPhoneSimulator.ActiveCfg = Debug|Any CPU
		{C93101D5-0284-495E-899D-0368BF71C0A9}.Debug|iPhoneSimulator.Build.0 = Debug|Any CPU
		{C93101D5-0284-495E-899D-0368BF71C0A9}.Release|Any CPU.ActiveCfg = Release|Any CPU
		{C93101D5-0284-495E-899D-0368BF71C0A9}.Release|Any CPU.Build.0 = Release|Any CPU
		{C93101D5-0284-495E-899D-0368BF71C0A9}.Release|iPhone.ActiveCfg = Release|Any CPU
		{C93101D5-0284-495E-899D-0368BF71C0A9}.Release|iPhone.Build.0 = Release|Any CPU
		{C93101D5-0284-495E-899D-0368BF71C0A9}.Release|iPhoneSimulator.ActiveCfg = Release|Any CPU
		{C93101D5-0284-495E-899D-0368BF71C0A9}.Release|iPhoneSimulator.Build.0 = Release|Any CPU
	EndGlobalSection
	GlobalSection(SolutionProperties) = preSolution
		HideSolutionNode = FALSE
	EndGlobalSection
	GlobalSection(NestedProjects) = preSolution
		{C227B21E-AE97-4F69-A3BA-0C8111B5CDE4} = {7D585F8B-7831-42D8-9B20-0442B4721F91}
		{B6ACB30C-3D47-43C8-B2EA-5F93CDEB69E7} = {AEABA4DE-5296-4E2E-95C0-65FEF8870D56}
		{189A0424-1196-48DA-B2FD-D4E130EFDCAD} = {AEABA4DE-5296-4E2E-95C0-65FEF8870D56}
		{C93101D5-0284-495E-899D-0368BF71C0A9} = {AEABA4DE-5296-4E2E-95C0-65FEF8870D56}
	EndGlobalSection
	GlobalSection(ExtensibilityGlobals) = postSolution
		SolutionGuid = {A9E48445-9072-4CB9-9787-6D0C127464DD}
	EndGlobalSection
EndGlobal
